
Microsoft Visual Studio Solution File, Format Version 12.00
# Visual Studio Version 17
VisualStudioVersion = 17.0.31903.59
MinimumVisualStudioVersion = 10.0.40219.1
Project("{FAE04EC0-301F-11D3-BF4B-00C04F79EFBC}") = "Universidade", "Universidade\Universidade.csproj", "{54476AB1-7678-4CDD-AA5D-A883F9D3F0E3}"
EndProject
Project("{FAE04EC0-301F-11D3-BF4B-00C04F79EFBC}") = "Testes", "Testes\Testes.csproj", "{B52DCCE0-C005-4B10-948A-94A4B4D8DE4C}"
EndProject
Global
	GlobalSection(SolutionConfigurationPlatforms) = preSolution
		Debug|Any CPU = Debug|Any CPU
		Release|Any CPU = Release|Any CPU
	EndGlobalSection
	GlobalSection(SolutionProperties) = preSolution
		HideSolutionNode = FALSE
	EndGlobalSection
	GlobalSection(ProjectConfigurationPlatforms) = postSolution
		{54476AB1-7678-4CDD-AA5D-A883F9D3F0E3}.Debug|Any CPU.ActiveCfg = Debug|Any CPU
		{54476AB1-7678-4CDD-AA5D-A883F9D3F0E3}.Debug|Any CPU.Build.0 = Debug|Any CPU
		{54476AB1-7678-4CDD-AA5D-A883F9D3F0E3}.Release|Any CPU.ActiveCfg = Release|Any CPU
		{54476AB1-7678-4CDD-AA5D-A883F9D3F0E3}.Release|Any CPU.Build.0 = Release|Any CPU
		{B52DCCE0-C005-4B10-948A-94A4B4D8DE4C}.Debug|Any CPU.ActiveCfg = Debug|Any CPU
		{B52DCCE0-C005-4B10-948A-94A4B4D8DE4C}.Debug|Any CPU.Build.0 = Debug|Any CPU
		{B52DCCE0-C005-4B10-948A-94A4B4D8DE4C}.Release|Any CPU.ActiveCfg = Release|Any CPU
		{B52DCCE0-C005-4B10-948A-94A4B4D8DE4C}.Release|Any CPU.Build.0 = Release|Any CPU
	EndGlobalSection
EndGlobal
